
Microsoft Visual Studio Solution File, Format Version 12.00
# Visual Studio Version 17
VisualStudioVersion = 17.1.31911.260
MinimumVisualStudioVersion = 10.0.40219.1
Project("{FAE04EC0-301F-11D3-BF4B-00C04F79EFBC}") = "EquationSolver (UKR)", "EquationSolver (UKR)\EquationSolver (UKR).csproj", "{21156B9A-9A35-45E8-AE95-EABFB3C8CB29}"
EndProject
Project("{FAE04EC0-301F-11D3-BF4B-00C04F79EFBC}") = "EquationSolver (ENG)", "EquationSolver (ENG)\EquationSolver (ENG).csproj", "{CA880BD2-A9D8-4110-8097-543E4A4084BC}"
EndProject
Global
	GlobalSection(SolutionConfigurationPlatforms) = preSolution
		Debug|Any CPU = Debug|Any CPU
		Release|Any CPU = Release|Any CPU
	EndGlobalSection
	GlobalSection(ProjectConfigurationPlatforms) = postSolution
		{21156B9A-9A35-45E8-AE95-EABFB3C8CB29}.Debug|Any CPU.ActiveCfg = Debug|Any CPU
		{21156B9A-9A35-45E8-AE95-EABFB3C8CB29}.Debug|Any CPU.Build.0 = Debug|Any CPU
		{21156B9A-9A35-45E8-AE95-EABFB3C8CB29}.Release|Any CPU.ActiveCfg = Release|Any CPU
		{21156B9A-9A35-45E8-AE95-EABFB3C8CB29}.Release|Any CPU.Build.0 = Release|Any CPU
		{CA880BD2-A9D8-4110-8097-543E4A4084BC}.Debug|Any CPU.ActiveCfg = Debug|Any CPU
		{CA880BD2-A9D8-4110-8097-543E4A4084BC}.Debug|Any CPU.Build.0 = Debug|Any CPU
		{CA880BD2-A9D8-4110-8097-543E4A4084BC}.Release|Any CPU.ActiveCfg = Release|Any CPU
		{CA880BD2-A9D8-4110-8097-543E4A4084BC}.Release|Any CPU.Build.0 = Release|Any CPU
	EndGlobalSection
	GlobalSection(SolutionProperties) = preSolution
		HideSolutionNode = FALSE
	EndGlobalSection
	GlobalSection(ExtensibilityGlobals) = postSolution
		SolutionGuid = {0E412DC5-B72C-4775-8408-107ADF27FE75}
	EndGlobalSection
EndGlobal
